// !$*UTF8*$!
{
	archiveVersion = 1;
	classes = {
	};
	objectVersion = 56;
	objects = {

/* Begin PBXBuildFile section */
		855D05582B03C7E600FF1CD9 /* SearchExerciseLibrary.swift in Sources */ = {isa = PBXBuildFile; fileRef = 855D05572B03C7E600FF1CD9 /* SearchExerciseLibrary.swift */; };
		855D055A2B03C7F800FF1CD9 /* AddWorkoutView.swift in Sources */ = {isa = PBXBuildFile; fileRef = 855D05592B03C7F800FF1CD9 /* AddWorkoutView.swift */; };
		855D055F2B03E89300FF1CD9 /* ExerciseDetailView.swift in Sources */ = {isa = PBXBuildFile; fileRef = 855D055E2B03E89300FF1CD9 /* ExerciseDetailView.swift */; };
		855D058F2B14977400FF1CD9 /* WorkoutHistory.swift in Sources */ = {isa = PBXBuildFile; fileRef = 855D058E2B14977400FF1CD9 /* WorkoutHistory.swift */; };
		855D05912B149B8300FF1CD9 /* SaveWorkoutDataStore.swift in Sources */ = {isa = PBXBuildFile; fileRef = 855D05902B149B8300FF1CD9 /* SaveWorkoutDataStore.swift */; };
		855D05942B1684C200FF1CD9 /* CapstoneError.swift in Sources */ = {isa = PBXBuildFile; fileRef = 855D05932B1684C200FF1CD9 /* CapstoneError.swift */; };
		855D05982B19250F00FF1CD9 /* APIKeys.plist in Resources */ = {isa = PBXBuildFile; fileRef = 855D05972B19250F00FF1CD9 /* APIKeys.plist */; };
		858BFC8C2B0160690077F475 /* Capstone_ProjectApp.swift in Sources */ = {isa = PBXBuildFile; fileRef = 858BFC8B2B0160690077F475 /* Capstone_ProjectApp.swift */; };
		858BFC8E2B0160690077F475 /* ContentView.swift in Sources */ = {isa = PBXBuildFile; fileRef = 858BFC8D2B0160690077F475 /* ContentView.swift */; };
		858BFC902B0160710077F475 /* Assets.xcassets in Resources */ = {isa = PBXBuildFile; fileRef = 858BFC8F2B0160710077F475 /* Assets.xcassets */; };
		858BFC932B0160710077F475 /* Preview Assets.xcassets in Resources */ = {isa = PBXBuildFile; fileRef = 858BFC922B0160710077F475 /* Preview Assets.xcassets */; };
		85BD9ABF2B0164420072A846 /* ExerciseModel.swift in Sources */ = {isa = PBXBuildFile; fileRef = 85BD9ABE2B0164420072A846 /* ExerciseModel.swift */; };
		85BD9AC32B0164FF0072A846 /* ExerciseStore.swift in Sources */ = {isa = PBXBuildFile; fileRef = 85BD9AC22B0164FF0072A846 /* ExerciseStore.swift */; };
/* End PBXBuildFile section */

/* Begin PBXContainerItemProxy section */
		855D05752B143AF400FF1CD9 /* PBXContainerItemProxy */ = {
			isa = PBXContainerItemProxy;
			containerPortal = 858BFC802B0160680077F475 /* Project object */;
			proxyType = 1;
			remoteGlobalIDString = 858BFC872B0160690077F475;
			remoteInfo = "Capstone Project";
		};
		855D05832B14411800FF1CD9 /* PBXContainerItemProxy */ = {
			isa = PBXContainerItemProxy;
			containerPortal = 858BFC802B0160680077F475 /* Project object */;
			proxyType = 1;
			remoteGlobalIDString = 858BFC872B0160690077F475;
			remoteInfo = "Capstone Project";
		};
/* End PBXContainerItemProxy section */

/* Begin PBXFileReference section */
		855D05572B03C7E600FF1CD9 /* SearchExerciseLibrary.swift */ = {isa = PBXFileReference; lastKnownFileType = sourcecode.swift; path = SearchExerciseLibrary.swift; sourceTree = "<group>"; };
		855D05592B03C7F800FF1CD9 /* AddWorkoutView.swift */ = {isa = PBXFileReference; lastKnownFileType = sourcecode.swift; path = AddWorkoutView.swift; sourceTree = "<group>"; };
		855D055E2B03E89300FF1CD9 /* ExerciseDetailView.swift */ = {isa = PBXFileReference; lastKnownFileType = sourcecode.swift; path = ExerciseDetailView.swift; sourceTree = "<group>"; };
		855D056F2B143AF400FF1CD9 /* Capstone ProjectUITests.xctest */ = {isa = PBXFileReference; explicitFileType = wrapper.cfbundle; includeInIndex = 0; path = "Capstone ProjectUITests.xctest"; sourceTree = BUILT_PRODUCTS_DIR; };
		855D057F2B14411800FF1CD9 /* Capstone ProjectTests.xctest */ = {isa = PBXFileReference; explicitFileType = wrapper.cfbundle; includeInIndex = 0; path = "Capstone ProjectTests.xctest"; sourceTree = BUILT_PRODUCTS_DIR; };
		855D058E2B14977400FF1CD9 /* WorkoutHistory.swift */ = {isa = PBXFileReference; lastKnownFileType = sourcecode.swift; path = WorkoutHistory.swift; sourceTree = "<group>"; };
		855D05902B149B8300FF1CD9 /* SaveWorkoutDataStore.swift */ = {isa = PBXFileReference; lastKnownFileType = sourcecode.swift; path = SaveWorkoutDataStore.swift; sourceTree = "<group>"; };
		855D05932B1684C200FF1CD9 /* CapstoneError.swift */ = {isa = PBXFileReference; lastKnownFileType = sourcecode.swift; path = CapstoneError.swift; sourceTree = "<group>"; };
		855D05972B19250F00FF1CD9 /* APIKeys.plist */ = {isa = PBXFileReference; lastKnownFileType = text.plist.xml; path = APIKeys.plist; sourceTree = "<group>"; };
		858BFC882B0160690077F475 /* Capstone Project.app */ = {isa = PBXFileReference; explicitFileType = wrapper.application; includeInIndex = 0; path = "Capstone Project.app"; sourceTree = BUILT_PRODUCTS_DIR; };
		858BFC8B2B0160690077F475 /* Capstone_ProjectApp.swift */ = {isa = PBXFileReference; lastKnownFileType = sourcecode.swift; path = Capstone_ProjectApp.swift; sourceTree = "<group>"; };
		858BFC8D2B0160690077F475 /* ContentView.swift */ = {isa = PBXFileReference; lastKnownFileType = sourcecode.swift; path = ContentView.swift; sourceTree = "<group>"; };
		858BFC8F2B0160710077F475 /* Assets.xcassets */ = {isa = PBXFileReference; lastKnownFileType = folder.assetcatalog; path = Assets.xcassets; sourceTree = "<group>"; };
		858BFC922B0160710077F475 /* Preview Assets.xcassets */ = {isa = PBXFileReference; lastKnownFileType = folder.assetcatalog; path = "Preview Assets.xcassets"; sourceTree = "<group>"; };
		85BD9ABE2B0164420072A846 /* ExerciseModel.swift */ = {isa = PBXFileReference; lastKnownFileType = sourcecode.swift; path = ExerciseModel.swift; sourceTree = "<group>"; };
		85BD9AC22B0164FF0072A846 /* ExerciseStore.swift */ = {isa = PBXFileReference; lastKnownFileType = sourcecode.swift; path = ExerciseStore.swift; sourceTree = "<group>"; };
/* End PBXFileReference section */

/* Begin PBXFrameworksBuildPhase section */
		855D056C2B143AF400FF1CD9 /* Frameworks */ = {
			isa = PBXFrameworksBuildPhase;
			buildActionMask = 2147483647;
			files = (
			);
			runOnlyForDeploymentPostprocessing = 0;
		};
		855D057C2B14411800FF1CD9 /* Frameworks */ = {
			isa = PBXFrameworksBuildPhase;
			buildActionMask = 2147483647;
			files = (
			);
			runOnlyForDeploymentPostprocessing = 0;
		};
		858BFC852B0160690077F475 /* Frameworks */ = {
			isa = PBXFrameworksBuildPhase;
			buildActionMask = 2147483647;
			files = (
			);
			runOnlyForDeploymentPostprocessing = 0;
		};
/* End PBXFrameworksBuildPhase section */

/* Begin PBXGroup section */
		855D055B2B03C81C00FF1CD9 /* Stores */ = {
			isa = PBXGroup;
			children = (
				85BD9AC22B0164FF0072A846 /* ExerciseStore.swift */,
				855D05902B149B8300FF1CD9 /* SaveWorkoutDataStore.swift */,
			);
			path = Stores;
			sourceTree = "<group>";
		};
		855D05802B14411800FF1CD9 /* Capstone ProjectTests */ = {
			isa = PBXGroup;
			children = (
			);
			path = "Capstone ProjectTests";
			sourceTree = "<group>";
		};
		855D05922B1684AB00FF1CD9 /* Error */ = {
			isa = PBXGroup;
			children = (
				855D05932B1684C200FF1CD9 /* CapstoneError.swift */,
			);
			path = Error;
			sourceTree = "<group>";
		};
		858BFC7F2B0160680077F475 = {
			isa = PBXGroup;
			children = (
				855D05972B19250F00FF1CD9 /* APIKeys.plist */,
				858BFC9A2B0162D30077F475 /* Views */,
				855D05922B1684AB00FF1CD9 /* Error */,
				858BFC992B0162740077F475 /* Model */,
				855D055B2B03C81C00FF1CD9 /* Stores */,
				858BFC8A2B0160690077F475 /* CapStone App */,
				855D05802B14411800FF1CD9 /* Capstone ProjectTests */,
				858BFC892B0160690077F475 /* Products */,
			);
			sourceTree = "<group>";
		};
		858BFC892B0160690077F475 /* Products */ = {
			isa = PBXGroup;
			children = (
				858BFC882B0160690077F475 /* Capstone Project.app */,
				855D056F2B143AF400FF1CD9 /* Capstone ProjectUITests.xctest */,
				855D057F2B14411800FF1CD9 /* Capstone ProjectTests.xctest */,
			);
			name = Products;
			sourceTree = "<group>";
		};
		858BFC8A2B0160690077F475 /* CapStone App */ = {
			isa = PBXGroup;
			children = (
				858BFC8B2B0160690077F475 /* Capstone_ProjectApp.swift */,
				858BFC8F2B0160710077F475 /* Assets.xcassets */,
				858BFC912B0160710077F475 /* Preview Content */,
			);
			path = "CapStone App";
			sourceTree = "<group>";
		};
		858BFC912B0160710077F475 /* Preview Content */ = {
			isa = PBXGroup;
			children = (
				858BFC922B0160710077F475 /* Preview Assets.xcassets */,
			);
			path = "Preview Content";
			sourceTree = "<group>";
		};
		858BFC992B0162740077F475 /* Model */ = {
			isa = PBXGroup;
			children = (
				85BD9ABE2B0164420072A846 /* ExerciseModel.swift */,
			);
			path = Model;
			sourceTree = "<group>";
		};
		858BFC9A2B0162D30077F475 /* Views */ = {
			isa = PBXGroup;
			children = (
				858BFC8D2B0160690077F475 /* ContentView.swift */,
				855D05572B03C7E600FF1CD9 /* SearchExerciseLibrary.swift */,
				855D055E2B03E89300FF1CD9 /* ExerciseDetailView.swift */,
				855D05592B03C7F800FF1CD9 /* AddWorkoutView.swift */,
				855D058E2B14977400FF1CD9 /* WorkoutHistory.swift */,
			);
			path = Views;
			sourceTree = "<group>";
		};
/* End PBXGroup section */

/* Begin PBXNativeTarget section */
		855D056E2B143AF400FF1CD9 /* Capstone ProjectUITests */ = {
			isa = PBXNativeTarget;
			buildConfigurationList = 855D05772B143AF400FF1CD9 /* Build configuration list for PBXNativeTarget "Capstone ProjectUITests" */;
			buildPhases = (
				855D056B2B143AF400FF1CD9 /* Sources */,
				855D056C2B143AF400FF1CD9 /* Frameworks */,
				855D056D2B143AF400FF1CD9 /* Resources */,
			);
			buildRules = (
			);
			dependencies = (
				855D05762B143AF400FF1CD9 /* PBXTargetDependency */,
			);
			name = "Capstone ProjectUITests";
			productName = "Capstone ProjectUITests";
			productReference = 855D056F2B143AF400FF1CD9 /* Capstone ProjectUITests.xctest */;
			productType = "com.apple.product-type.bundle.ui-testing";
		};
		855D057E2B14411800FF1CD9 /* Capstone ProjectTests */ = {
			isa = PBXNativeTarget;
			buildConfigurationList = 855D05852B14411800FF1CD9 /* Build configuration list for PBXNativeTarget "Capstone ProjectTests" */;
			buildPhases = (
				855D057B2B14411800FF1CD9 /* Sources */,
				855D057C2B14411800FF1CD9 /* Frameworks */,
				855D057D2B14411800FF1CD9 /* Resources */,
			);
			buildRules = (
			);
			dependencies = (
				855D05842B14411800FF1CD9 /* PBXTargetDependency */,
			);
			name = "Capstone ProjectTests";
			productName = "Capstone ProjectTests";
			productReference = 855D057F2B14411800FF1CD9 /* Capstone ProjectTests.xctest */;
			productType = "com.apple.product-type.bundle.unit-test";
		};
		858BFC872B0160690077F475 /* Capstone Project */ = {
			isa = PBXNativeTarget;
			buildConfigurationList = 858BFC962B0160710077F475 /* Build configuration list for PBXNativeTarget "Capstone Project" */;
			buildPhases = (
				855D05662B0BCDAC00FF1CD9 /* ShellScript */,
				858BFC842B0160690077F475 /* Sources */,
				858BFC852B0160690077F475 /* Frameworks */,
				858BFC862B0160690077F475 /* Resources */,
			);
			buildRules = (
			);
			dependencies = (
			);
			name = "Capstone Project";
			productName = "Capstone Project";
			productReference = 858BFC882B0160690077F475 /* Capstone Project.app */;
			productType = "com.apple.product-type.application";
		};
/* End PBXNativeTarget section */

/* Begin PBXProject section */
		858BFC802B0160680077F475 /* Project object */ = {
			isa = PBXProject;
			attributes = {
				BuildIndependentTargetsInParallel = 1;
				LastSwiftUpdateCheck = 1430;
				LastUpgradeCheck = 1430;
				TargetAttributes = {
					855D056E2B143AF400FF1CD9 = {
						CreatedOnToolsVersion = 14.3.1;
						TestTargetID = 858BFC872B0160690077F475;
					};
					855D057E2B14411800FF1CD9 = {
						CreatedOnToolsVersion = 14.3.1;
						TestTargetID = 858BFC872B0160690077F475;
					};
					858BFC872B0160690077F475 = {
						CreatedOnToolsVersion = 14.3.1;
					};
				};
			};
			buildConfigurationList = 858BFC832B0160680077F475 /* Build configuration list for PBXProject "Capstone Project" */;
			compatibilityVersion = "Xcode 14.0";
			developmentRegion = en;
			hasScannedForEncodings = 0;
			knownRegions = (
				en,
				Base,
			);
			mainGroup = 858BFC7F2B0160680077F475;
			productRefGroup = 858BFC892B0160690077F475 /* Products */;
			projectDirPath = "";
			projectRoot = "";
			targets = (
				858BFC872B0160690077F475 /* Capstone Project */,
				855D056E2B143AF400FF1CD9 /* Capstone ProjectUITests */,
				855D057E2B14411800FF1CD9 /* Capstone ProjectTests */,
			);
		};
/* End PBXProject section */

/* Begin PBXResourcesBuildPhase section */
		855D056D2B143AF400FF1CD9 /* Resources */ = {
			isa = PBXResourcesBuildPhase;
			buildActionMask = 2147483647;
			files = (
			);
			runOnlyForDeploymentPostprocessing = 0;
		};
		855D057D2B14411800FF1CD9 /* Resources */ = {
			isa = PBXResourcesBuildPhase;
			buildActionMask = 2147483647;
			files = (
			);
			runOnlyForDeploymentPostprocessing = 0;
		};
		858BFC862B0160690077F475 /* Resources */ = {
			isa = PBXResourcesBuildPhase;
			buildActionMask = 2147483647;
			files = (
				855D05982B19250F00FF1CD9 /* APIKeys.plist in Resources */,
				858BFC932B0160710077F475 /* Preview Assets.xcassets in Resources */,
				858BFC902B0160710077F475 /* Assets.xcassets in Resources */,
			);
			runOnlyForDeploymentPostprocessing = 0;
		};
/* End PBXResourcesBuildPhase section */

/* Begin PBXShellScriptBuildPhase section */
		855D05662B0BCDAC00FF1CD9 /* ShellScript */ = {
			isa = PBXShellScriptBuildPhase;
			buildActionMask = 2147483647;
			files = (
			);
			inputFileListPaths = (
			);
			inputPaths = (
			);
			outputFileListPaths = (
			);
			outputPaths = (
			);
			runOnlyForDeploymentPostprocessing = 0;
			shellPath = /bin/sh;
			shellScript = "# Type a script or drag a script file from your workspace to insert its path.\nPATH=/opt/homebrew/bin:$PATH\nif [ -f ~/com.raywenderlich.swiftlint.yml ]; then\n  if which swiftlint >/dev/null; then\n    swiftlint --no-cache --config ~/com.raywenderlich.swiftlint.yml\n  fi\nfi\n";
		};
/* End PBXShellScriptBuildPhase section */

/* Begin PBXSourcesBuildPhase section */
		855D056B2B143AF400FF1CD9 /* Sources */ = {
			isa = PBXSourcesBuildPhase;
			buildActionMask = 2147483647;
			files = (
			);
			runOnlyForDeploymentPostprocessing = 0;
		};
		855D057B2B14411800FF1CD9 /* Sources */ = {
			isa = PBXSourcesBuildPhase;
			buildActionMask = 2147483647;
			files = (
			);
			runOnlyForDeploymentPostprocessing = 0;
		};
		858BFC842B0160690077F475 /* Sources */ = {
			isa = PBXSourcesBuildPhase;
			buildActionMask = 2147483647;
			files = (
				85BD9AC32B0164FF0072A846 /* ExerciseStore.swift in Sources */,
				855D055F2B03E89300FF1CD9 /* ExerciseDetailView.swift in Sources */,
				858BFC8E2B0160690077F475 /* ContentView.swift in Sources */,
				855D058F2B14977400FF1CD9 /* WorkoutHistory.swift in Sources */,
				85BD9ABF2B0164420072A846 /* ExerciseModel.swift in Sources */,
				855D05582B03C7E600FF1CD9 /* SearchExerciseLibrary.swift in Sources */,
				855D055A2B03C7F800FF1CD9 /* AddWorkoutView.swift in Sources */,
				855D05912B149B8300FF1CD9 /* SaveWorkoutDataStore.swift in Sources */,
				858BFC8C2B0160690077F475 /* Capstone_ProjectApp.swift in Sources */,
				855D05942B1684C200FF1CD9 /* CapstoneError.swift in Sources */,
			);
			runOnlyForDeploymentPostprocessing = 0;
		};
/* End PBXSourcesBuildPhase section */

/* Begin PBXTargetDependency section */
		855D05762B143AF400FF1CD9 /* PBXTargetDependency */ = {
			isa = PBXTargetDependency;
			target = 858BFC872B0160690077F475 /* Capstone Project */;
			targetProxy = 855D05752B143AF400FF1CD9 /* PBXContainerItemProxy */;
		};
		855D05842B14411800FF1CD9 /* PBXTargetDependency */ = {
			isa = PBXTargetDependency;
			target = 858BFC872B0160690077F475 /* Capstone Project */;
			targetProxy = 855D05832B14411800FF1CD9 /* PBXContainerItemProxy */;
		};
/* End PBXTargetDependency section */

/* Begin XCBuildConfiguration section */
		855D05782B143AF400FF1CD9 /* Debug */ = {
			isa = XCBuildConfiguration;
			buildSettings = {
				CODE_SIGN_STYLE = Automatic;
				CURRENT_PROJECT_VERSION = 1;
				DEVELOPMENT_TEAM = N5QSZU8WS9;
				GENERATE_INFOPLIST_FILE = YES;
				MARKETING_VERSION = 1.0;
				PRODUCT_BUNDLE_IDENTIFIER = "AveryRoth.Capstone-ProjectUITests";
				PRODUCT_NAME = "$(TARGET_NAME)";
				SWIFT_EMIT_LOC_STRINGS = NO;
				SWIFT_VERSION = 5.0;
				TARGETED_DEVICE_FAMILY = "1,2";
				TEST_TARGET_NAME = "Capstone Project";
			};
			name = Debug;
		};
		855D05792B143AF400FF1CD9 /* Release */ = {
			isa = XCBuildConfiguration;
			buildSettings = {
				CODE_SIGN_STYLE = Automatic;
				CURRENT_PROJECT_VERSION = 1;
				DEVELOPMENT_TEAM = N5QSZU8WS9;
				GENERATE_INFOPLIST_FILE = YES;
				MARKETING_VERSION = 1.0;
				PRODUCT_BUNDLE_IDENTIFIER = "AveryRoth.Capstone-ProjectUITests";
				PRODUCT_NAME = "$(TARGET_NAME)";
				SWIFT_EMIT_LOC_STRINGS = NO;
				SWIFT_VERSION = 5.0;
				TARGETED_DEVICE_FAMILY = "1,2";
				TEST_TARGET_NAME = "Capstone Project";
			};
			name = Release;
		};
		855D05862B14411800FF1CD9 /* Debug */ = {
			isa = XCBuildConfiguration;
			buildSettings = {
				BUNDLE_LOADER = "$(TEST_HOST)";
				CODE_SIGN_STYLE = Automatic;
				CURRENT_PROJECT_VERSION = 1;
				DEVELOPMENT_TEAM = N5QSZU8WS9;
				GENERATE_INFOPLIST_FILE = YES;
				MARKETING_VERSION = 1.0;
				PRODUCT_BUNDLE_IDENTIFIER = "AveryRoth.Capstone-ProjectTests";
				PRODUCT_NAME = "$(TARGET_NAME)";
				SWIFT_EMIT_LOC_STRINGS = NO;
				SWIFT_VERSION = 5.0;
				TARGETED_DEVICE_FAMILY = "1,2";
				TEST_HOST = "$(BUILT_PRODUCTS_DIR)/Capstone Project.app/$(BUNDLE_EXECUTABLE_FOLDER_PATH)/Capstone Project";
			};
			name = Debug;
		};
		855D05872B14411800FF1CD9 /* Release */ = {
			isa = XCBuildConfiguration;
			buildSettings = {
				BUNDLE_LOADER = "$(TEST_HOST)";
				CODE_SIGN_STYLE = Automatic;
				CURRENT_PROJECT_VERSION = 1;
				DEVELOPMENT_TEAM = N5QSZU8WS9;
				GENERATE_INFOPLIST_FILE = YES;
				MARKETING_VERSION = 1.0;
				PRODUCT_BUNDLE_IDENTIFIER = "AveryRoth.Capstone-ProjectTests";
				PRODUCT_NAME = "$(TARGET_NAME)";
				SWIFT_EMIT_LOC_STRINGS = NO;
				SWIFT_VERSION = 5.0;
				TARGETED_DEVICE_FAMILY = "1,2";
				TEST_HOST = "$(BUILT_PRODUCTS_DIR)/Capstone Project.app/$(BUNDLE_EXECUTABLE_FOLDER_PATH)/Capstone Project";
			};
			name = Release;
		};
		858BFC942B0160710077F475 /* Debug */ = {
			isa = XCBuildConfiguration;
			buildSettings = {
				ALWAYS_SEARCH_USER_PATHS = NO;
				CLANG_ANALYZER_NONNULL = YES;
				CLANG_ANALYZER_NUMBER_OBJECT_CONVERSION = YES_AGGRESSIVE;
				CLANG_CXX_LANGUAGE_STANDARD = "gnu++20";
				CLANG_ENABLE_MODULES = YES;
				CLANG_ENABLE_OBJC_ARC = YES;
				CLANG_ENABLE_OBJC_WEAK = YES;
				CLANG_WARN_BLOCK_CAPTURE_AUTORELEASING = YES;
				CLANG_WARN_BOOL_CONVERSION = YES;
				CLANG_WARN_COMMA = YES;
				CLANG_WARN_CONSTANT_CONVERSION = YES;
				CLANG_WARN_DEPRECATED_OBJC_IMPLEMENTATIONS = YES;
				CLANG_WARN_DIRECT_OBJC_ISA_USAGE = YES_ERROR;
				CLANG_WARN_DOCUMENTATION_COMMENTS = YES;
				CLANG_WARN_EMPTY_BODY = YES;
				CLANG_WARN_ENUM_CONVERSION = YES;
				CLANG_WARN_INFINITE_RECURSION = YES;
				CLANG_WARN_INT_CONVERSION = YES;
				CLANG_WARN_NON_LITERAL_NULL_CONVERSION = YES;
				CLANG_WARN_OBJC_IMPLICIT_RETAIN_SELF = YES;
				CLANG_WARN_OBJC_LITERAL_CONVERSION = YES;
				CLANG_WARN_OBJC_ROOT_CLASS = YES_ERROR;
				CLANG_WARN_QUOTED_INCLUDE_IN_FRAMEWORK_HEADER = YES;
				CLANG_WARN_RANGE_LOOP_ANALYSIS = YES;
				CLANG_WARN_STRICT_PROTOTYPES = YES;
				CLANG_WARN_SUSPICIOUS_MOVE = YES;
				CLANG_WARN_UNGUARDED_AVAILABILITY = YES_AGGRESSIVE;
				CLANG_WARN_UNREACHABLE_CODE = YES;
				CLANG_WARN__DUPLICATE_METHOD_MATCH = YES;
				COPY_PHASE_STRIP = NO;
				DEBUG_INFORMATION_FORMAT = dwarf;
				ENABLE_STRICT_OBJC_MSGSEND = YES;
				ENABLE_TESTABILITY = YES;
				GCC_C_LANGUAGE_STANDARD = gnu11;
				GCC_DYNAMIC_NO_PIC = NO;
				GCC_NO_COMMON_BLOCKS = YES;
				GCC_OPTIMIZATION_LEVEL = 0;
				GCC_PREPROCESSOR_DEFINITIONS = (
					"DEBUG=1",
					"$(inherited)",
				);
				GCC_WARN_64_TO_32_BIT_CONVERSION = YES;
				GCC_WARN_ABOUT_RETURN_TYPE = YES_ERROR;
				GCC_WARN_UNDECLARED_SELECTOR = YES;
				GCC_WARN_UNINITIALIZED_AUTOS = YES_AGGRESSIVE;
				GCC_WARN_UNUSED_FUNCTION = YES;
				GCC_WARN_UNUSED_VARIABLE = YES;
				IPHONEOS_DEPLOYMENT_TARGET = 16.4;
				MTL_ENABLE_DEBUG_INFO = INCLUDE_SOURCE;
				MTL_FAST_MATH = YES;
				ONLY_ACTIVE_ARCH = YES;
				SDKROOT = iphoneos;
				SWIFT_ACTIVE_COMPILATION_CONDITIONS = DEBUG;
				SWIFT_OPTIMIZATION_LEVEL = "-Onone";
			};
			name = Debug;
		};
		858BFC952B0160710077F475 /* Release */ = {
			isa = XCBuildConfiguration;
			buildSettings = {
				ALWAYS_SEARCH_USER_PATHS = NO;
				CLANG_ANALYZER_NONNULL = YES;
				CLANG_ANALYZER_NUMBER_OBJECT_CONVERSION = YES_AGGRESSIVE;
				CLANG_CXX_LANGUAGE_STANDARD = "gnu++20";
				CLANG_ENABLE_MODULES = YES;
				CLANG_ENABLE_OBJC_ARC = YES;
				CLANG_ENABLE_OBJC_WEAK = YES;
				CLANG_WARN_BLOCK_CAPTURE_AUTORELEASING = YES;
				CLANG_WARN_BOOL_CONVERSION = YES;
				CLANG_WARN_COMMA = YES;
				CLANG_WARN_CONSTANT_CONVERSION = YES;
				CLANG_WARN_DEPRECATED_OBJC_IMPLEMENTATIONS = YES;
				CLANG_WARN_DIRECT_OBJC_ISA_USAGE = YES_ERROR;
				CLANG_WARN_DOCUMENTATION_COMMENTS = YES;
				CLANG_WARN_EMPTY_BODY = YES;
				CLANG_WARN_ENUM_CONVERSION = YES;
				CLANG_WARN_INFINITE_RECURSION = YES;
				CLANG_WARN_INT_CONVERSION = YES;
				CLANG_WARN_NON_LITERAL_NULL_CONVERSION = YES;
				CLANG_WARN_OBJC_IMPLICIT_RETAIN_SELF = YES;
				CLANG_WARN_OBJC_LITERAL_CONVERSION = YES;
				CLANG_WARN_OBJC_ROOT_CLASS = YES_ERROR;
				CLANG_WARN_QUOTED_INCLUDE_IN_FRAMEWORK_HEADER = YES;
				CLANG_WARN_RANGE_LOOP_ANALYSIS = YES;
				CLANG_WARN_STRICT_PROTOTYPES = YES;
				CLANG_WARN_SUSPICIOUS_MOVE = YES;
				CLANG_WARN_UNGUARDED_AVAILABILITY = YES_AGGRESSIVE;
				CLANG_WARN_UNREACHABLE_CODE = YES;
				CLANG_WARN__DUPLICATE_METHOD_MATCH = YES;
				COPY_PHASE_STRIP = NO;
				DEBUG_INFORMATION_FORMAT = "dwarf-with-dsym";
				ENABLE_NS_ASSERTIONS = NO;
				ENABLE_STRICT_OBJC_MSGSEND = YES;
				GCC_C_LANGUAGE_STANDARD = gnu11;
				GCC_NO_COMMON_BLOCKS = YES;
				GCC_WARN_64_TO_32_BIT_CONVERSION = YES;
				GCC_WARN_ABOUT_RETURN_TYPE = YES_ERROR;
				GCC_WARN_UNDECLARED_SELECTOR = YES;
				GCC_WARN_UNINITIALIZED_AUTOS = YES_AGGRESSIVE;
				GCC_WARN_UNUSED_FUNCTION = YES;
				GCC_WARN_UNUSED_VARIABLE = YES;
				IPHONEOS_DEPLOYMENT_TARGET = 16.4;
				MTL_ENABLE_DEBUG_INFO = NO;
				MTL_FAST_MATH = YES;
				SDKROOT = iphoneos;
				SWIFT_COMPILATION_MODE = wholemodule;
				SWIFT_OPTIMIZATION_LEVEL = "-O";
				VALIDATE_PRODUCT = YES;
			};
			name = Release;
		};
		858BFC972B0160710077F475 /* Debug */ = {
			isa = XCBuildConfiguration;
			buildSettings = {
				ASSETCATALOG_COMPILER_APPICON_NAME = AppIcon;
				ASSETCATALOG_COMPILER_GLOBAL_ACCENT_COLOR_NAME = AccentColor;
				CODE_SIGN_STYLE = Automatic;
				CURRENT_PROJECT_VERSION = 1;
				DEVELOPMENT_ASSET_PATHS = "\"Capstone Project/Preview Content\"";
				DEVELOPMENT_TEAM = N5QSZU8WS9;
				ENABLE_PREVIEWS = YES;
				GENERATE_INFOPLIST_FILE = YES;
				INFOPLIST_KEY_UIApplicationSceneManifest_Generation = YES;
				INFOPLIST_KEY_UIApplicationSupportsIndirectInputEvents = YES;
				INFOPLIST_KEY_UILaunchScreen_Generation = YES;
				INFOPLIST_KEY_UISupportedInterfaceOrientations_iPad = "UIInterfaceOrientationPortrait UIInterfaceOrientationPortraitUpsideDown UIInterfaceOrientationLandscapeLeft UIInterfaceOrientationLandscapeRight";
				INFOPLIST_KEY_UISupportedInterfaceOrientations_iPhone = "UIInterfaceOrientationPortrait UIInterfaceOrientationLandscapeLeft UIInterfaceOrientationLandscapeRight";
				LD_RUNPATH_SEARCH_PATHS = (
					"$(inherited)",
					"@executable_path/Frameworks",
				);
				MARKETING_VERSION = 1.0;
				PRODUCT_BUNDLE_IDENTIFIER = "AveryRoth.Capstone-Project";
				PRODUCT_NAME = "$(TARGET_NAME)";
				SWIFT_EMIT_LOC_STRINGS = YES;
				SWIFT_VERSION = 5.0;
				TARGETED_DEVICE_FAMILY = "1,2";
			};
			name = Debug;
		};
		858BFC982B0160710077F475 /* Release */ = {
			isa = XCBuildConfiguration;
			buildSettings = {
				ASSETCATALOG_COMPILER_APPICON_NAME = AppIcon;
				ASSETCATALOG_COMPILER_GLOBAL_ACCENT_COLOR_NAME = AccentColor;
				CODE_SIGN_STYLE = Automatic;
				CURRENT_PROJECT_VERSION = 1;
				DEVELOPMENT_ASSET_PATHS = "\"Capstone Project/Preview Content\"";
				DEVELOPMENT_TEAM = N5QSZU8WS9;
				ENABLE_PREVIEWS = YES;
				GENERATE_INFOPLIST_FILE = YES;
				INFOPLIST_KEY_UIApplicationSceneManifest_Generation = YES;
				INFOPLIST_KEY_UIApplicationSupportsIndirectInputEvents = YES;
				INFOPLIST_KEY_UILaunchScreen_Generation = YES;
				INFOPLIST_KEY_UISupportedInterfaceOrientations_iPad = "UIInterfaceOrientationPortrait UIInterfaceOrientationPortraitUpsideDown UIInterfaceOrientationLandscapeLeft UIInterfaceOrientationLandscapeRight";
				INFOPLIST_KEY_UISupportedInterfaceOrientations_iPhone = "UIInterfaceOrientationPortrait UIInterfaceOrientationLandscapeLeft UIInterfaceOrientationLandscapeRight";
				LD_RUNPATH_SEARCH_PATHS = (
					"$(inherited)",
					"@executable_path/Frameworks",
				);
				MARKETING_VERSION = 1.0;
				PRODUCT_BUNDLE_IDENTIFIER = "AveryRoth.Capstone-Project";
				PRODUCT_NAME = "$(TARGET_NAME)";
				SWIFT_EMIT_LOC_STRINGS = YES;
				SWIFT_VERSION = 5.0;
				TARGETED_DEVICE_FAMILY = "1,2";
			};
			name = Release;
		};
/* End XCBuildConfiguration section */

/* Begin XCConfigurationList section */
		855D05772B143AF400FF1CD9 /* Build configuration list for PBXNativeTarget "Capstone ProjectUITests" */ = {
			isa = XCConfigurationList;
			buildConfigurations = (
				855D05782B143AF400FF1CD9 /* Debug */,
				855D05792B143AF400FF1CD9 /* Release */,
			);
			defaultConfigurationIsVisible = 0;
			defaultConfigurationName = Release;
		};
		855D05852B14411800FF1CD9 /* Build configuration list for PBXNativeTarget "Capstone ProjectTests" */ = {
			isa = XCConfigurationList;
			buildConfigurations = (
				855D05862B14411800FF1CD9 /* Debug */,
				855D05872B14411800FF1CD9 /* Release */,
			);
			defaultConfigurationIsVisible = 0;
			defaultConfigurationName = Release;
		};
		858BFC832B0160680077F475 /* Build configuration list for PBXProject "Capstone Project" */ = {
			isa = XCConfigurationList;
			buildConfigurations = (
				858BFC942B0160710077F475 /* Debug */,
				858BFC952B0160710077F475 /* Release */,
			);
			defaultConfigurationIsVisible = 0;
			defaultConfigurationName = Release;
		};
		858BFC962B0160710077F475 /* Build configuration list for PBXNativeTarget "Capstone Project" */ = {
			isa = XCConfigurationList;
			buildConfigurations = (
				858BFC972B0160710077F475 /* Debug */,
				858BFC982B0160710077F475 /* Release */,
			);
			defaultConfigurationIsVisible = 0;
			defaultConfigurationName = Release;
		};
/* End XCConfigurationList section */
	};
	rootObject = 858BFC802B0160680077F475 /* Project object */;
}
